// !$*UTF8*$!
{
	archiveVersion = 1;
	classes = {
	};
	objectVersion = 56;
	objects = {

/* Begin PBXBuildFile section */
		59ACBB052A8BC54900948BBF /* WeatherApp.swift in Sources */ = {isa = PBXBuildFile; fileRef = 59ACBB042A8BC54900948BBF /* WeatherApp.swift */; };
		59ACBB072A8BC54900948BBF /* ContentView.swift in Sources */ = {isa = PBXBuildFile; fileRef = 59ACBB062A8BC54900948BBF /* ContentView.swift */; };
		59ACBB092A8BC54E00948BBF /* Assets.xcassets in Resources */ = {isa = PBXBuildFile; fileRef = 59ACBB082A8BC54E00948BBF /* Assets.xcassets */; };
		59ACBB0C2A8BC54E00948BBF /* Preview Assets.xcassets in Resources */ = {isa = PBXBuildFile; fileRef = 59ACBB0B2A8BC54E00948BBF /* Preview Assets.xcassets */; };
		59ACBB0E2A8BC54E00948BBF /* Persistence.swift in Sources */ = {isa = PBXBuildFile; fileRef = 59ACBB0D2A8BC54E00948BBF /* Persistence.swift */; };
		59ACBB112A8BC54E00948BBF /* WeatherApp.xcdatamodeld in Sources */ = {isa = PBXBuildFile; fileRef = 59ACBB0F2A8BC54E00948BBF /* WeatherApp.xcdatamodeld */; };
		59ACBB1B2A8BC54E00948BBF /* WeatherAppTests.swift in Sources */ = {isa = PBXBuildFile; fileRef = 59ACBB1A2A8BC54E00948BBF /* WeatherAppTests.swift */; };
		59ACBB252A8BC54E00948BBF /* WeatherAppUITests.swift in Sources */ = {isa = PBXBuildFile; fileRef = 59ACBB242A8BC54E00948BBF /* WeatherAppUITests.swift */; };
		59ACBB272A8BC54E00948BBF /* WeatherAppUITestsLaunchTests.swift in Sources */ = {isa = PBXBuildFile; fileRef = 59ACBB262A8BC54E00948BBF /* WeatherAppUITestsLaunchTests.swift */; };
		59ACBB342A8BCAF400948BBF /* GeocodingDataProvider.swift in Sources */ = {isa = PBXBuildFile; fileRef = 59ACBB332A8BCAF400948BBF /* GeocodingDataProvider.swift */; };
		59ACBB362A8BCBCA00948BBF /* WeatherDataProvider.swift in Sources */ = {isa = PBXBuildFile; fileRef = 59ACBB352A8BCBCA00948BBF /* WeatherDataProvider.swift */; };
		59ACBB382A8BCDE400948BBF /* WeatherViewModel.swift in Sources */ = {isa = PBXBuildFile; fileRef = 59ACBB372A8BCDE400948BBF /* WeatherViewModel.swift */; };
/* End PBXBuildFile section */

/* Begin PBXContainerItemProxy section */
		59ACBB172A8BC54E00948BBF /* PBXContainerItemProxy */ = {
			isa = PBXContainerItemProxy;
			containerPortal = 59ACBAF92A8BC54900948BBF /* Project object */;
			proxyType = 1;
			remoteGlobalIDString = 59ACBB002A8BC54900948BBF;
			remoteInfo = WeatherApp;
		};
		59ACBB212A8BC54E00948BBF /* PBXContainerItemProxy */ = {
			isa = PBXContainerItemProxy;
			containerPortal = 59ACBAF92A8BC54900948BBF /* Project object */;
			proxyType = 1;
			remoteGlobalIDString = 59ACBB002A8BC54900948BBF;
			remoteInfo = WeatherApp;
		};
/* End PBXContainerItemProxy section */

/* Begin PBXFileReference section */
		59ACBB012A8BC54900948BBF /* WeatherApp.app */ = {isa = PBXFileReference; explicitFileType = wrapper.application; includeInIndex = 0; path = WeatherApp.app; sourceTree = BUILT_PRODUCTS_DIR; };
		59ACBB042A8BC54900948BBF /* WeatherApp.swift */ = {isa = PBXFileReference; lastKnownFileType = sourcecode.swift; path = WeatherApp.swift; sourceTree = "<group>"; };
		59ACBB062A8BC54900948BBF /* ContentView.swift */ = {isa = PBXFileReference; lastKnownFileType = sourcecode.swift; path = ContentView.swift; sourceTree = "<group>"; };
		59ACBB082A8BC54E00948BBF /* Assets.xcassets */ = {isa = PBXFileReference; lastKnownFileType = folder.assetcatalog; path = Assets.xcassets; sourceTree = "<group>"; };
		59ACBB0B2A8BC54E00948BBF /* Preview Assets.xcassets */ = {isa = PBXFileReference; lastKnownFileType = folder.assetcatalog; path = "Preview Assets.xcassets"; sourceTree = "<group>"; };
		59ACBB0D2A8BC54E00948BBF /* Persistence.swift */ = {isa = PBXFileReference; lastKnownFileType = sourcecode.swift; path = Persistence.swift; sourceTree = "<group>"; };
		59ACBB102A8BC54E00948BBF /* WeatherApp.xcdatamodel */ = {isa = PBXFileReference; lastKnownFileType = wrapper.xcdatamodel; path = WeatherApp.xcdatamodel; sourceTree = "<group>"; };
		59ACBB162A8BC54E00948BBF /* WeatherAppTests.xctest */ = {isa = PBXFileReference; explicitFileType = wrapper.cfbundle; includeInIndex = 0; path = WeatherAppTests.xctest; sourceTree = BUILT_PRODUCTS_DIR; };
		59ACBB1A2A8BC54E00948BBF /* WeatherAppTests.swift */ = {isa = PBXFileReference; lastKnownFileType = sourcecode.swift; path = WeatherAppTests.swift; sourceTree = "<group>"; };
		59ACBB202A8BC54E00948BBF /* WeatherAppUITests.xctest */ = {isa = PBXFileReference; explicitFileType = wrapper.cfbundle; includeInIndex = 0; path = WeatherAppUITests.xctest; sourceTree = BUILT_PRODUCTS_DIR; };
		59ACBB242A8BC54E00948BBF /* WeatherAppUITests.swift */ = {isa = PBXFileReference; lastKnownFileType = sourcecode.swift; path = WeatherAppUITests.swift; sourceTree = "<group>"; };
		59ACBB262A8BC54E00948BBF /* WeatherAppUITestsLaunchTests.swift */ = {isa = PBXFileReference; lastKnownFileType = sourcecode.swift; path = WeatherAppUITestsLaunchTests.swift; sourceTree = "<group>"; };
		59ACBB332A8BCAF400948BBF /* GeocodingDataProvider.swift */ = {isa = PBXFileReference; lastKnownFileType = sourcecode.swift; path = GeocodingDataProvider.swift; sourceTree = "<group>"; };
		59ACBB352A8BCBCA00948BBF /* WeatherDataProvider.swift */ = {isa = PBXFileReference; lastKnownFileType = sourcecode.swift; path = WeatherDataProvider.swift; sourceTree = "<group>"; };
		59ACBB372A8BCDE400948BBF /* WeatherViewModel.swift */ = {isa = PBXFileReference; lastKnownFileType = sourcecode.swift; path = WeatherViewModel.swift; sourceTree = "<group>"; };
/* End PBXFileReference section */

/* Begin PBXFrameworksBuildPhase section */
		59ACBAFE2A8BC54900948BBF /* Frameworks */ = {
			isa = PBXFrameworksBuildPhase;
			buildActionMask = 2147483647;
			files = (
			);
			runOnlyForDeploymentPostprocessing = 0;
		};
		59ACBB132A8BC54E00948BBF /* Frameworks */ = {
			isa = PBXFrameworksBuildPhase;
			buildActionMask = 2147483647;
			files = (
			);
			runOnlyForDeploymentPostprocessing = 0;
		};
		59ACBB1D2A8BC54E00948BBF /* Frameworks */ = {
			isa = PBXFrameworksBuildPhase;
			buildActionMask = 2147483647;
			files = (
			);
			runOnlyForDeploymentPostprocessing = 0;
		};
/* End PBXFrameworksBuildPhase section */

/* Begin PBXGroup section */
		59ACBAF82A8BC54900948BBF = {
			isa = PBXGroup;
			children = (
				59ACBB032A8BC54900948BBF /* WeatherApp */,
				59ACBB192A8BC54E00948BBF /* WeatherAppTests */,
				59ACBB232A8BC54E00948BBF /* WeatherAppUITests */,
				59ACBB022A8BC54900948BBF /* Products */,
			);
			sourceTree = "<group>";
		};
		59ACBB022A8BC54900948BBF /* Products */ = {
			isa = PBXGroup;
			children = (
				59ACBB012A8BC54900948BBF /* WeatherApp.app */,
				59ACBB162A8BC54E00948BBF /* WeatherAppTests.xctest */,
				59ACBB202A8BC54E00948BBF /* WeatherAppUITests.xctest */,
			);
			name = Products;
			sourceTree = "<group>";
		};
		59ACBB032A8BC54900948BBF /* WeatherApp */ = {
			isa = PBXGroup;
			children = (
				59ACBB042A8BC54900948BBF /* WeatherApp.swift */,
				59ACBB332A8BCAF400948BBF /* GeocodingDataProvider.swift */,
				59ACBB352A8BCBCA00948BBF /* WeatherDataProvider.swift */,
				59ACBB372A8BCDE400948BBF /* WeatherViewModel.swift */,
				59ACBB062A8BC54900948BBF /* ContentView.swift */,
				59ACBB082A8BC54E00948BBF /* Assets.xcassets */,
				59ACBB0D2A8BC54E00948BBF /* Persistence.swift */,
				59ACBB0F2A8BC54E00948BBF /* WeatherApp.xcdatamodeld */,
				59ACBB0A2A8BC54E00948BBF /* Preview Content */,
			);
			path = WeatherApp;
			sourceTree = "<group>";
		};
		59ACBB0A2A8BC54E00948BBF /* Preview Content */ = {
			isa = PBXGroup;
			children = (
				59ACBB0B2A8BC54E00948BBF /* Preview Assets.xcassets */,
			);
			path = "Preview Content";
			sourceTree = "<group>";
		};
		59ACBB192A8BC54E00948BBF /* WeatherAppTests */ = {
			isa = PBXGroup;
			children = (
				59ACBB1A2A8BC54E00948BBF /* WeatherAppTests.swift */,
			);
			path = WeatherAppTests;
			sourceTree = "<group>";
		};
		59ACBB232A8BC54E00948BBF /* WeatherAppUITests */ = {
			isa = PBXGroup;
			children = (
				59ACBB242A8BC54E00948BBF /* WeatherAppUITests.swift */,
				59ACBB262A8BC54E00948BBF /* WeatherAppUITestsLaunchTests.swift */,
			);
			path = WeatherAppUITests;
			sourceTree = "<group>";
		};
/* End PBXGroup section */

/* Begin PBXNativeTarget section */
		59ACBB002A8BC54900948BBF /* WeatherApp */ = {
			isa = PBXNativeTarget;
			buildConfigurationList = 59ACBB2A2A8BC54E00948BBF /* Build configuration list for PBXNativeTarget "WeatherApp" */;
			buildPhases = (
				59ACBAFD2A8BC54900948BBF /* Sources */,
				59ACBAFE2A8BC54900948BBF /* Frameworks */,
				59ACBAFF2A8BC54900948BBF /* Resources */,
			);
			buildRules = (
			);
			dependencies = (
			);
			name = WeatherApp;
			productName = WeatherApp;
			productReference = 59ACBB012A8BC54900948BBF /* WeatherApp.app */;
			productType = "com.apple.product-type.application";
		};
		59ACBB152A8BC54E00948BBF /* WeatherAppTests */ = {
			isa = PBXNativeTarget;
			buildConfigurationList = 59ACBB2D2A8BC54E00948BBF /* Build configuration list for PBXNativeTarget "WeatherAppTests" */;
			buildPhases = (
				59ACBB122A8BC54E00948BBF /* Sources */,
				59ACBB132A8BC54E00948BBF /* Frameworks */,
				59ACBB142A8BC54E00948BBF /* Resources */,
			);
			buildRules = (
			);
			dependencies = (
				59ACBB182A8BC54E00948BBF /* PBXTargetDependency */,
			);
			name = WeatherAppTests;
			productName = WeatherAppTests;
			productReference = 59ACBB162A8BC54E00948BBF /* WeatherAppTests.xctest */;
			productType = "com.apple.product-type.bundle.unit-test";
		};
		59ACBB1F2A8BC54E00948BBF /* WeatherAppUITests */ = {
			isa = PBXNativeTarget;
			buildConfigurationList = 59ACBB302A8BC54E00948BBF /* Build configuration list for PBXNativeTarget "WeatherAppUITests" */;
			buildPhases = (
				59ACBB1C2A8BC54E00948BBF /* Sources */,
				59ACBB1D2A8BC54E00948BBF /* Frameworks */,
				59ACBB1E2A8BC54E00948BBF /* Resources */,
			);
			buildRules = (
			);
			dependencies = (
				59ACBB222A8BC54E00948BBF /* PBXTargetDependency */,
			);
			name = WeatherAppUITests;
			productName = WeatherAppUITests;
			productReference = 59ACBB202A8BC54E00948BBF /* WeatherAppUITests.xctest */;
			productType = "com.apple.product-type.bundle.ui-testing";
		};
/* End PBXNativeTarget section */

/* Begin PBXProject section */
		59ACBAF92A8BC54900948BBF /* Project object */ = {
			isa = PBXProject;
			attributes = {
				BuildIndependentTargetsInParallel = 1;
				LastSwiftUpdateCheck = 1400;
				LastUpgradeCheck = 1400;
				TargetAttributes = {
					59ACBB002A8BC54900948BBF = {
						CreatedOnToolsVersion = 14.0.1;
					};
					59ACBB152A8BC54E00948BBF = {
						CreatedOnToolsVersion = 14.0.1;
						TestTargetID = 59ACBB002A8BC54900948BBF;
					};
					59ACBB1F2A8BC54E00948BBF = {
						CreatedOnToolsVersion = 14.0.1;
						TestTargetID = 59ACBB002A8BC54900948BBF;
					};
				};
			};
			buildConfigurationList = 59ACBAFC2A8BC54900948BBF /* Build configuration list for PBXProject "WeatherApp" */;
			compatibilityVersion = "Xcode 14.0";
			developmentRegion = en;
			hasScannedForEncodings = 0;
			knownRegions = (
				en,
				Base,
			);
			mainGroup = 59ACBAF82A8BC54900948BBF;
			productRefGroup = 59ACBB022A8BC54900948BBF /* Products */;
			projectDirPath = "";
			projectRoot = "";
			targets = (
				59ACBB002A8BC54900948BBF /* WeatherApp */,
				59ACBB152A8BC54E00948BBF /* WeatherAppTests */,
				59ACBB1F2A8BC54E00948BBF /* WeatherAppUITests */,
			);
		};
/* End PBXProject section */

/* Begin PBXResourcesBuildPhase section */
		59ACBAFF2A8BC54900948BBF /* Resources */ = {
			isa = PBXResourcesBuildPhase;
			buildActionMask = 2147483647;
			files = (
				59ACBB0C2A8BC54E00948BBF /* Preview Assets.xcassets in Resources */,
				59ACBB092A8BC54E00948BBF /* Assets.xcassets in Resources */,
			);
			runOnlyForDeploymentPostprocessing = 0;
		};
		59ACBB142A8BC54E00948BBF /* Resources */ = {
			isa = PBXResourcesBuildPhase;
			buildActionMask = 2147483647;
			files = (
			);
			runOnlyForDeploymentPostprocessing = 0;
		};
		59ACBB1E2A8BC54E00948BBF /* Resources */ = {
			isa = PBXResourcesBuildPhase;
			buildActionMask = 2147483647;
			files = (
			);
			runOnlyForDeploymentPostprocessing = 0;
		};
/* End PBXResourcesBuildPhase section */

/* Begin PBXSourcesBuildPhase section */
		59ACBAFD2A8BC54900948BBF /* Sources */ = {
			isa = PBXSourcesBuildPhase;
			buildActionMask = 2147483647;
			files = (
				59ACBB112A8BC54E00948BBF /* WeatherApp.xcdatamodeld in Sources */,
				59ACBB0E2A8BC54E00948BBF /* Persistence.swift in Sources */,
				59ACBB072A8BC54900948BBF /* ContentView.swift in Sources */,
				59ACBB382A8BCDE400948BBF /* WeatherViewModel.swift in Sources */,
				59ACBB342A8BCAF400948BBF /* GeocodingDataProvider.swift in Sources */,
				59ACBB052A8BC54900948BBF /* WeatherApp.swift in Sources */,
				59ACBB362A8BCBCA00948BBF /* WeatherDataProvider.swift in Sources */,
			);
			runOnlyForDeploymentPostprocessing = 0;
		};
		59ACBB122A8BC54E00948BBF /* Sources */ = {
			isa = PBXSourcesBuildPhase;
			buildActionMask = 2147483647;
			files = (
				59ACBB1B2A8BC54E00948BBF /* WeatherAppTests.swift in Sources */,
			);
			runOnlyForDeploymentPostprocessing = 0;
		};
		59ACBB1C2A8BC54E00948BBF /* Sources */ = {
			isa = PBXSourcesBuildPhase;
			buildActionMask = 2147483647;
			files = (
				59ACBB252A8BC54E00948BBF /* WeatherAppUITests.swift in Sources */,
				59ACBB272A8BC54E00948BBF /* WeatherAppUITestsLaunchTests.swift in Sources */,
			);
			runOnlyForDeploymentPostprocessing = 0;
		};
/* End PBXSourcesBuildPhase section */

/* Begin PBXTargetDependency section */
		59ACBB182A8BC54E00948BBF /* PBXTargetDependency */ = {
			isa = PBXTargetDependency;
			target = 59ACBB002A8BC54900948BBF /* WeatherApp */;
			targetProxy = 59ACBB172A8BC54E00948BBF /* PBXContainerItemProxy */;
		};
		59ACBB222A8BC54E00948BBF /* PBXTargetDependency */ = {
			isa = PBXTargetDependency;
			target = 59ACBB002A8BC54900948BBF /* WeatherApp */;
			targetProxy = 59ACBB212A8BC54E00948BBF /* PBXContainerItemProxy */;
		};
/* End PBXTargetDependency section */

/* Begin XCBuildConfiguration section */
		59ACBB282A8BC54E00948BBF /* Debug */ = {
			isa = XCBuildConfiguration;
			buildSettings = {
				ALWAYS_SEARCH_USER_PATHS = NO;
				CLANG_ANALYZER_NONNULL = YES;
				CLANG_ANALYZER_NUMBER_OBJECT_CONVERSION = YES_AGGRESSIVE;
				CLANG_CXX_LANGUAGE_STANDARD = "gnu++20";
				CLANG_ENABLE_MODULES = YES;
				CLANG_ENABLE_OBJC_ARC = YES;
				CLANG_ENABLE_OBJC_WEAK = YES;
				CLANG_WARN_BLOCK_CAPTURE_AUTORELEASING = YES;
				CLANG_WARN_BOOL_CONVERSION = YES;
				CLANG_WARN_COMMA = YES;
				CLANG_WARN_CONSTANT_CONVERSION = YES;
				CLANG_WARN_DEPRECATED_OBJC_IMPLEMENTATIONS = YES;
				CLANG_WARN_DIRECT_OBJC_ISA_USAGE = YES_ERROR;
				CLANG_WARN_DOCUMENTATION_COMMENTS = YES;
				CLANG_WARN_EMPTY_BODY = YES;
				CLANG_WARN_ENUM_CONVERSION = YES;
				CLANG_WARN_INFINITE_RECURSION = YES;
				CLANG_WARN_INT_CONVERSION = YES;
				CLANG_WARN_NON_LITERAL_NULL_CONVERSION = YES;
				CLANG_WARN_OBJC_IMPLICIT_RETAIN_SELF = YES;
				CLANG_WARN_OBJC_LITERAL_CONVERSION = YES;
				CLANG_WARN_OBJC_ROOT_CLASS = YES_ERROR;
				CLANG_WARN_QUOTED_INCLUDE_IN_FRAMEWORK_HEADER = YES;
				CLANG_WARN_RANGE_LOOP_ANALYSIS = YES;
				CLANG_WARN_STRICT_PROTOTYPES = YES;
				CLANG_WARN_SUSPICIOUS_MOVE = YES;
				CLANG_WARN_UNGUARDED_AVAILABILITY = YES_AGGRESSIVE;
				CLANG_WARN_UNREACHABLE_CODE = YES;
				CLANG_WARN__DUPLICATE_METHOD_MATCH = YES;
				COPY_PHASE_STRIP = NO;
				DEBUG_INFORMATION_FORMAT = dwarf;
				ENABLE_STRICT_OBJC_MSGSEND = YES;
				ENABLE_TESTABILITY = YES;
				GCC_C_LANGUAGE_STANDARD = gnu11;
				GCC_DYNAMIC_NO_PIC = NO;
				GCC_NO_COMMON_BLOCKS = YES;
				GCC_OPTIMIZATION_LEVEL = 0;
				GCC_PREPROCESSOR_DEFINITIONS = (
					"DEBUG=1",
					"$(inherited)",
				);
				GCC_WARN_64_TO_32_BIT_CONVERSION = YES;
				GCC_WARN_ABOUT_RETURN_TYPE = YES_ERROR;
				GCC_WARN_UNDECLARED_SELECTOR = YES;
				GCC_WARN_UNINITIALIZED_AUTOS = YES_AGGRESSIVE;
				GCC_WARN_UNUSED_FUNCTION = YES;
				GCC_WARN_UNUSED_VARIABLE = YES;
				IPHONEOS_DEPLOYMENT_TARGET = 16.0;
				MTL_ENABLE_DEBUG_INFO = INCLUDE_SOURCE;
				MTL_FAST_MATH = YES;
				ONLY_ACTIVE_ARCH = YES;
				SDKROOT = iphoneos;
				SWIFT_ACTIVE_COMPILATION_CONDITIONS = DEBUG;
				SWIFT_OPTIMIZATION_LEVEL = "-Onone";
			};
			name = Debug;
		};
		59ACBB292A8BC54E00948BBF /* Release */ = {
			isa = XCBuildConfiguration;
			buildSettings = {
				ALWAYS_SEARCH_USER_PATHS = NO;
				CLANG_ANALYZER_NONNULL = YES;
				CLANG_ANALYZER_NUMBER_OBJECT_CONVERSION = YES_AGGRESSIVE;
				CLANG_CXX_LANGUAGE_STANDARD = "gnu++20";
				CLANG_ENABLE_MODULES = YES;
				CLANG_ENABLE_OBJC_ARC = YES;
				CLANG_ENABLE_OBJC_WEAK = YES;
				CLANG_WARN_BLOCK_CAPTURE_AUTORELEASING = YES;
				CLANG_WARN_BOOL_CONVERSION = YES;
				CLANG_WARN_COMMA = YES;
				CLANG_WARN_CONSTANT_CONVERSION = YES;
				CLANG_WARN_DEPRECATED_OBJC_IMPLEMENTATIONS = YES;
				CLANG_WARN_DIRECT_OBJC_ISA_USAGE = YES_ERROR;
				CLANG_WARN_DOCUMENTATION_COMMENTS = YES;
				CLANG_WARN_EMPTY_BODY = YES;
				CLANG_WARN_ENUM_CONVERSION = YES;
				CLANG_WARN_INFINITE_RECURSION = YES;
				CLANG_WARN_INT_CONVERSION = YES;
				CLANG_WARN_NON_LITERAL_NULL_CONVERSION = YES;
				CLANG_WARN_OBJC_IMPLICIT_RETAIN_SELF = YES;
				CLANG_WARN_OBJC_LITERAL_CONVERSION = YES;
				CLANG_WARN_OBJC_ROOT_CLASS = YES_ERROR;
				CLANG_WARN_QUOTED_INCLUDE_IN_FRAMEWORK_HEADER = YES;
				CLANG_WARN_RANGE_LOOP_ANALYSIS = YES;
				CLANG_WARN_STRICT_PROTOTYPES = YES;
				CLANG_WARN_SUSPICIOUS_MOVE = YES;
				CLANG_WARN_UNGUARDED_AVAILABILITY = YES_AGGRESSIVE;
				CLANG_WARN_UNREACHABLE_CODE = YES;
				CLANG_WARN__DUPLICATE_METHOD_MATCH = YES;
				COPY_PHASE_STRIP = NO;
				DEBUG_INFORMATION_FORMAT = "dwarf-with-dsym";
				ENABLE_NS_ASSERTIONS = NO;
				ENABLE_STRICT_OBJC_MSGSEND = YES;
				GCC_C_LANGUAGE_STANDARD = gnu11;
				GCC_NO_COMMON_BLOCKS = YES;
				GCC_WARN_64_TO_32_BIT_CONVERSION = YES;
				GCC_WARN_ABOUT_RETURN_TYPE = YES_ERROR;
				GCC_WARN_UNDECLARED_SELECTOR = YES;
				GCC_WARN_UNINITIALIZED_AUTOS = YES_AGGRESSIVE;
				GCC_WARN_UNUSED_FUNCTION = YES;
				GCC_WARN_UNUSED_VARIABLE = YES;
				IPHONEOS_DEPLOYMENT_TARGET = 16.0;
				MTL_ENABLE_DEBUG_INFO = NO;
				MTL_FAST_MATH = YES;
				SDKROOT = iphoneos;
				SWIFT_COMPILATION_MODE = wholemodule;
				SWIFT_OPTIMIZATION_LEVEL = "-O";
				VALIDATE_PRODUCT = YES;
			};
			name = Release;
		};
		59ACBB2B2A8BC54E00948BBF /* Debug */ = {
			isa = XCBuildConfiguration;
			buildSettings = {
				ASSETCATALOG_COMPILER_APPICON_NAME = AppIcon;
				ASSETCATALOG_COMPILER_GLOBAL_ACCENT_COLOR_NAME = AccentColor;
				CODE_SIGN_STYLE = Automatic;
				CURRENT_PROJECT_VERSION = 1;
				DEVELOPMENT_ASSET_PATHS = "\"WeatherApp/Preview Content\"";
				ENABLE_PREVIEWS = YES;
				GENERATE_INFOPLIST_FILE = YES;
				INFOPLIST_KEY_NSLocationWhenInUseUsageDescription = "Used to fetch weather data based on your current location";
				INFOPLIST_KEY_UIApplicationSceneManifest_Generation = YES;
				INFOPLIST_KEY_UIApplicationSupportsIndirectInputEvents = YES;
				INFOPLIST_KEY_UILaunchScreen_Generation = YES;
				INFOPLIST_KEY_UISupportedInterfaceOrientations_iPad = "UIInterfaceOrientationPortrait UIInterfaceOrientationPortraitUpsideDown UIInterfaceOrientationLandscapeLeft UIInterfaceOrientationLandscapeRight";
				INFOPLIST_KEY_UISupportedInterfaceOrientations_iPhone = "UIInterfaceOrientationPortrait UIInterfaceOrientationLandscapeLeft UIInterfaceOrientationLandscapeRight";
				LD_RUNPATH_SEARCH_PATHS = (
					"$(inherited)",
					"@executable_path/Frameworks",
				);
				MARKETING_VERSION = 1.0;
				PRODUCT_BUNDLE_IDENTIFIER = com.sahil.WeatherApp;
				PRODUCT_NAME = "$(TARGET_NAME)";
				SWIFT_EMIT_LOC_STRINGS = YES;
				SWIFT_VERSION = 5.0;
				TARGETED_DEVICE_FAMILY = "1,2";
			};
			name = Debug;
		};
		59ACBB2C2A8BC54E00948BBF /* Release */ = {
			isa = XCBuildConfiguration;
			buildSettings = {
				ASSETCATALOG_COMPILER_APPICON_NAME = AppIcon;
				ASSETCATALOG_COMPILER_GLOBAL_ACCENT_COLOR_NAME = AccentColor;
				CODE_SIGN_STYLE = Automatic;
				CURRENT_PROJECT_VERSION = 1;
				DEVELOPMENT_ASSET_PATHS = "\"WeatherApp/Preview Content\"";
				ENABLE_PREVIEWS = YES;
				GENERATE_INFOPLIST_FILE = YES;
				INFOPLIST_KEY_NSLocationWhenInUseUsageDescription = "Used to fetch weather data based on your current location";
				INFOPLIST_KEY_UIApplicationSceneManifest_Generation = YES;
				INFOPLIST_KEY_UIApplicationSupportsIndirectInputEvents = YES;
				INFOPLIST_KEY_UILaunchScreen_Generation = YES;
				INFOPLIST_KEY_UISupportedInterfaceOrientations_iPad = "UIInterfaceOrientationPortrait UIInterfaceOrientationPortraitUpsideDown UIInterfaceOrientationLandscapeLeft UIInterfaceOrientationLandscapeRight";
				INFOPLIST_KEY_UISupportedInterfaceOrientations_iPhone = "UIInterfaceOrientationPortrait UIInterfaceOrientationLandscapeLeft UIInterfaceOrientationLandscapeRight";
				LD_RUNPATH_SEARCH_PATHS = (
					"$(inherited)",
					"@executable_path/Frameworks",
				);
				MARKETING_VERSION = 1.0;
				PRODUCT_BUNDLE_IDENTIFIER = com.sahil.WeatherApp;
				PRODUCT_NAME = "$(TARGET_NAME)";
				SWIFT_EMIT_LOC_STRINGS = YES;
				SWIFT_VERSION = 5.0;
				TARGETED_DEVICE_FAMILY = "1,2";
			};
			name = Release;
		};
		59ACBB2E2A8BC54E00948BBF /* Debug */ = {
			isa = XCBuildConfiguration;
			buildSettings = {
				ALWAYS_EMBED_SWIFT_STANDARD_LIBRARIES = YES;
				BUNDLE_LOADER = "$(TEST_HOST)";
				CODE_SIGN_STYLE = Automatic;
				CURRENT_PROJECT_VERSION = 1;
				GENERATE_INFOPLIST_FILE = YES;
				IPHONEOS_DEPLOYMENT_TARGET = 16.0;
				MARKETING_VERSION = 1.0;
				PRODUCT_BUNDLE_IDENTIFIER = com.sahil.WeatherAppTests;
				PRODUCT_NAME = "$(TARGET_NAME)";
				SWIFT_EMIT_LOC_STRINGS = NO;
				SWIFT_VERSION = 5.0;
				TARGETED_DEVICE_FAMILY = "1,2";
				TEST_HOST = "$(BUILT_PRODUCTS_DIR)/WeatherApp.app/$(BUNDLE_EXECUTABLE_FOLDER_PATH)/WeatherApp";
			};
			name = Debug;
		};
		59ACBB2F2A8BC54E00948BBF /* Release */ = {
			isa = XCBuildConfiguration;
			buildSettings = {
				ALWAYS_EMBED_SWIFT_STANDARD_LIBRARIES = YES;
				BUNDLE_LOADER = "$(TEST_HOST)";
				CODE_SIGN_STYLE = Automatic;
				CURRENT_PROJECT_VERSION = 1;
				GENERATE_INFOPLIST_FILE = YES;
				IPHONEOS_DEPLOYMENT_TARGET = 16.0;
				MARKETING_VERSION = 1.0;
				PRODUCT_BUNDLE_IDENTIFIER = com.sahil.WeatherAppTests;
				PRODUCT_NAME = "$(TARGET_NAME)";
				SWIFT_EMIT_LOC_STRINGS = NO;
				SWIFT_VERSION = 5.0;
				TARGETED_DEVICE_FAMILY = "1,2";
				TEST_HOST = "$(BUILT_PRODUCTS_DIR)/WeatherApp.app/$(BUNDLE_EXECUTABLE_FOLDER_PATH)/WeatherApp";
			};
			name = Release;
		};
		59ACBB312A8BC54E00948BBF /* Debug */ = {
			isa = XCBuildConfiguration;
			buildSettings = {
				ALWAYS_EMBED_SWIFT_STANDARD_LIBRARIES = YES;
				CODE_SIGN_STYLE = Automatic;
				CURRENT_PROJECT_VERSION = 1;
				GENERATE_INFOPLIST_FILE = YES;
				MARKETING_VERSION = 1.0;
				PRODUCT_BUNDLE_IDENTIFIER = com.sahil.WeatherAppUITests;
				PRODUCT_NAME = "$(TARGET_NAME)";
				SWIFT_EMIT_LOC_STRINGS = NO;
				SWIFT_VERSION = 5.0;
				TARGETED_DEVICE_FAMILY = "1,2";
				TEST_TARGET_NAME = WeatherApp;
			};
			name = Debug;
		};
		59ACBB322A8BC54E00948BBF /* Release */ = {
			isa = XCBuildConfiguration;
			buildSettings = {
				ALWAYS_EMBED_SWIFT_STANDARD_LIBRARIES = YES;
				CODE_SIGN_STYLE = Automatic;
				CURRENT_PROJECT_VERSION = 1;
				GENERATE_INFOPLIST_FILE = YES;
				MARKETING_VERSION = 1.0;
				PRODUCT_BUNDLE_IDENTIFIER = com.sahil.WeatherAppUITests;
				PRODUCT_NAME = "$(TARGET_NAME)";
				SWIFT_EMIT_LOC_STRINGS = NO;
				SWIFT_VERSION = 5.0;
				TARGETED_DEVICE_FAMILY = "1,2";
				TEST_TARGET_NAME = WeatherApp;
			};
			name = Release;
		};
/* End XCBuildConfiguration section */

/* Begin XCConfigurationList section */
		59ACBAFC2A8BC54900948BBF /* Build configuration list for PBXProject "WeatherApp" */ = {
			isa = XCConfigurationList;
			buildConfigurations = (
				59ACBB282A8BC54E00948BBF /* Debug */,
				59ACBB292A8BC54E00948BBF /* Release */,
			);
			defaultConfigurationIsVisible = 0;
			defaultConfigurationName = Release;
		};
		59ACBB2A2A8BC54E00948BBF /* Build configuration list for PBXNativeTarget "WeatherApp" */ = {
			isa = XCConfigurationList;
			buildConfigurations = (
				59ACBB2B2A8BC54E00948BBF /* Debug */,
				59ACBB2C2A8BC54E00948BBF /* Release */,
			);
			defaultConfigurationIsVisible = 0;
			defaultConfigurationName = Release;
		};
		59ACBB2D2A8BC54E00948BBF /* Build configuration list for PBXNativeTarget "WeatherAppTests" */ = {
			isa = XCConfigurationList;
			buildConfigurations = (
				59ACBB2E2A8BC54E00948BBF /* Debug */,
				59ACBB2F2A8BC54E00948BBF /* Release */,
			);
			defaultConfigurationIsVisible = 0;
			defaultConfigurationName = Release;
		};
		59ACBB302A8BC54E00948BBF /* Build configuration list for PBXNativeTarget "WeatherAppUITests" */ = {
			isa = XCConfigurationList;
			buildConfigurations = (
				59ACBB312A8BC54E00948BBF /* Debug */,
				59ACBB322A8BC54E00948BBF /* Release */,
			);
			defaultConfigurationIsVisible = 0;
			defaultConfigurationName = Release;
		};
/* End XCConfigurationList section */

/* Begin XCVersionGroup section */
		59ACBB0F2A8BC54E00948BBF /* WeatherApp.xcdatamodeld */ = {
			isa = XCVersionGroup;
			children = (
				59ACBB102A8BC54E00948BBF /* WeatherApp.xcdatamodel */,
			);
			currentVersion = 59ACBB102A8BC54E00948BBF /* WeatherApp.xcdatamodel */;
			path = WeatherApp.xcdatamodeld;
			sourceTree = "<group>";
			versionGroupType = wrapper.xcdatamodel;
		};
/* End XCVersionGroup section */
	};
	rootObject = 59ACBAF92A8BC54900948BBF /* Project object */;
}
